// !$*UTF8*$!
{
	archiveVersion = 1;
	classes = {
	};
	objectVersion = 77;
	objects = {

/* Begin PBXBuildFile section */
		0297C33B171577FE15A6AC32 /* MakingTracksCoreLoopUITests.swift in Sources */ = {isa = PBXBuildFile; fileRef = E36873FF1289D2248F06F618 /* MakingTracksCoreLoopUITests.swift */; };
		03DDC05F05147127FAC7FFA5 /* MapScreen.swift in Sources */ = {isa = PBXBuildFile; fileRef = 344D7C929CEBD0057FA01F8C /* MapScreen.swift */; };
		06447D7969A73B3EBB37BF48 /* MapLayerVisibility.swift in Sources */ = {isa = PBXBuildFile; fileRef = 0ED60266EB41A05525C52E2E /* MapLayerVisibility.swift */; };
		0690E2BBD5D936C280A81F6C /* WorldBasemap.swift in Sources */ = {isa = PBXBuildFile; fileRef = 1E19C34E0B445601AD8B5A35 /* WorldBasemap.swift */; };
		12180A7BEBB27840E1614C1A /* LocationSessionPolicies.swift in Sources */ = {isa = PBXBuildFile; fileRef = E67D53581962B4787D079BCA /* LocationSessionPolicies.swift */; };
		12C5D166DC2E3F3E836B4BA0 /* OnboardingFlow.swift in Sources */ = {isa = PBXBuildFile; fileRef = 2FF59CEFC1B7EB1B24AAAB55 /* OnboardingFlow.swift */; };
		1477E9C0802B5ACD26327A43 /* AppLocationManager.swift in Sources */ = {isa = PBXBuildFile; fileRef = 0B6E6A8728A3BBF7FBCF25B9 /* AppLocationManager.swift */; };
		1E88D6E14A988414962AB763 /* DesignSystem in Frameworks */ = {isa = PBXBuildFile; productRef = 43C93D88C7573257961EE697 /* DesignSystem */; };
		3D63AC3F9D91FF92D5DEBF59 /* DiagnosticsRuntimeTests.swift in Sources */ = {isa = PBXBuildFile; fileRef = A330796CB1BF0358668CE6ED /* DiagnosticsRuntimeTests.swift */; };
		59C7C078ADD59064266740CA /* MakingTracksData in Frameworks */ = {isa = PBXBuildFile; productRef = 52E446EDADC05A0EB10CB788 /* MakingTracksData */; };
		78489B6DB316892B50A97831 /* PinCategorySymbolTests.swift in Sources */ = {isa = PBXBuildFile; fileRef = 3AA103E16EBCD9EF3DABC9BB /* PinCategorySymbolTests.swift */; };
		7856947E7D46610EA335891E /* Assets.xcassets in Resources */ = {isa = PBXBuildFile; fileRef = 63FDD03D128539278BC591EB /* Assets.xcassets */; };
		78788452A4FEB6D53DD8EF44 /* Newsreader16pt-SemiBold.ttf in Resources */ = {isa = PBXBuildFile; fileRef = E0D3E19BD0CBD3FCA3AF1319 /* Newsreader16pt-SemiBold.ttf */; };
		7A6CC84AF434C17FE7633943 /* PlaceCardSheet.swift in Sources */ = {isa = PBXBuildFile; fileRef = 58714DEBC153020CC7FD67F3 /* PlaceCardSheet.swift */; };
		860B88DB4E847DB9B041149A /* MakingTracksMapStyle in Frameworks */ = {isa = PBXBuildFile; productRef = 1340500250A212BB86356FB9 /* MakingTracksMapStyle */; };
		915D71B1930B5DB4AEF0ABC3 /* Newsreader72pt-SemiBold.ttf in Resources */ = {isa = PBXBuildFile; fileRef = A48E219EA55B851FD5EDD31F /* Newsreader72pt-SemiBold.ttf */; };
		93D8C47C12062A4D16FC5BC5 /* TypographyRuntimeTests.swift in Sources */ = {isa = PBXBuildFile; fileRef = C1DFBB29DC117B5BFBE1E85F /* TypographyRuntimeTests.swift */; };
		950D21AE358E7609C95B9CE3 /* Newsreader16pt-Italic.ttf in Resources */ = {isa = PBXBuildFile; fileRef = D5C5A78FA0D0465851229FA5 /* Newsreader16pt-Italic.ttf */; };
		9A14258D08374EDCF12E44F5 /* AppShellTests.swift in Sources */ = {isa = PBXBuildFile; fileRef = 538B8CFCCBB98BEEE13D75E5 /* AppShellTests.swift */; };
		A0A4BEB6C707F68791895112 /* HiddenMembershipTrackerTests.swift in Sources */ = {isa = PBXBuildFile; fileRef = AB44B483382C7266D1246E92 /* HiddenMembershipTrackerTests.swift */; };
		AE9F899F811FE6AD774A0F38 /* OSSCredits.json in Resources */ = {isa = PBXBuildFile; fileRef = 1CB5F787D9335E6F6658C952 /* OSSCredits.json */; };
		AF3142C210A9AC6EE4DBDB9C /* LocationPermission.swift in Sources */ = {isa = PBXBuildFile; fileRef = 6E7EFD1E5877507BEC18A82D /* LocationPermission.swift */; };
		B4249A1E5E8913E54631AA6C /* MapLayerVisibilityTests.swift in Sources */ = {isa = PBXBuildFile; fileRef = EB76FBD716ED22CC65743413 /* MapLayerVisibilityTests.swift */; };
		BD3B48BA68DDA464148316E0 /* NativeClusteringSpikeTests.swift in Sources */ = {isa = PBXBuildFile; fileRef = 14A314C56A67C5475B3FF04E /* NativeClusteringSpikeTests.swift */; };
		BDD25BD73021E8B1AB199D29 /* MapDoorShell.swift in Sources */ = {isa = PBXBuildFile; fileRef = C9A87BCE0F932F1A26E94416 /* MapDoorShell.swift */; };
		BE4C861B11E5AEDE6A4AEE53 /* MapLibre in Frameworks */ = {isa = PBXBuildFile; productRef = CBADA08F3DCFE4D9F14B6043 /* MapLibre */; };
		D70A63F2A63EE5B7C076D846 /* OFL.txt in Resources */ = {isa = PBXBuildFile; fileRef = 6EABFAB41BA43159317CDACC /* OFL.txt */; };
		D723B8F7C4E54215817261EA /* MLNMapViewRepresentable.swift in Sources */ = {isa = PBXBuildFile; fileRef = 7DE03FCA363155B0C5A81CE1 /* MLNMapViewRepresentable.swift */; };
		D9BF447A005052495B5FAA51 /* MakingTracksTiles in Frameworks */ = {isa = PBXBuildFile; productRef = 4F393EE9E72B3705269D6DE4 /* MakingTracksTiles */; };
		E1E8DDAF62365C8A0795F258 /* Newsreader16pt-Bold.ttf in Resources */ = {isa = PBXBuildFile; fileRef = 73F0CD358E3BF08676E6D630 /* Newsreader16pt-Bold.ttf */; };
		E205428A35137AEC62A677DE /* MakingTracksApp.swift in Sources */ = {isa = PBXBuildFile; fileRef = 8165BC8A095352568E0849A6 /* MakingTracksApp.swift */; };
		E2EF41206486C0C294C5E0DB /* MakingTracksCore in Frameworks */ = {isa = PBXBuildFile; productRef = 2B6A0D373B960A9ECCDC157A /* MakingTracksCore */; };
		E33AAF4D7C085C6FBE57C261 /* LocationSessionPoliciesTests.swift in Sources */ = {isa = PBXBuildFile; fileRef = 2B2C08C6EC4CC9B925C76CEC /* LocationSessionPoliciesTests.swift */; };
		FAED196EEC3399D466D1AE9E /* WorldBasemapTests.swift in Sources */ = {isa = PBXBuildFile; fileRef = 5A925CD29D8E1456B66E9F7B /* WorldBasemapTests.swift */; };
		FB3CF438FD76F28247626C5F /* HiddenMembershipTracker.swift in Sources */ = {isa = PBXBuildFile; fileRef = 6879CA7F65FAB04C7987F924 /* HiddenMembershipTracker.swift */; };
/* End PBXBuildFile section */

/* Begin PBXContainerItemProxy section */
		6C0A84EC29FDB4DC8E4305A9 /* PBXContainerItemProxy */ = {
			isa = PBXContainerItemProxy;
			containerPortal = C0843F3EEC4977692D9A2334 /* Project object */;
			proxyType = 1;
			remoteGlobalIDString = 4D3DD48118B60CD463A44277;
			remoteInfo = MakingTracks;
		};
		D59B059D2B97E1159D7E9AEA /* PBXContainerItemProxy */ = {
			isa = PBXContainerItemProxy;
			containerPortal = C0843F3EEC4977692D9A2334 /* Project object */;
			proxyType = 1;
			remoteGlobalIDString = 4D3DD48118B60CD463A44277;
			remoteInfo = MakingTracks;
		};
/* End PBXContainerItemProxy section */

/* Begin PBXFileReference section */
		03EE350163E06CF06F16086F /* ios */ = {isa = PBXFileReference; lastKnownFileType = folder; name = ios; path = ..; sourceTree = SOURCE_ROOT; };
		0B6E6A8728A3BBF7FBCF25B9 /* AppLocationManager.swift */ = {isa = PBXFileReference; lastKnownFileType = sourcecode.swift; path = AppLocationManager.swift; sourceTree = "<group>"; };
		0ED60266EB41A05525C52E2E /* MapLayerVisibility.swift */ = {isa = PBXFileReference; lastKnownFileType = sourcecode.swift; path = MapLayerVisibility.swift; sourceTree = "<group>"; };
		14A314C56A67C5475B3FF04E /* NativeClusteringSpikeTests.swift */ = {isa = PBXFileReference; lastKnownFileType = sourcecode.swift; path = NativeClusteringSpikeTests.swift; sourceTree = "<group>"; };
		1CB5F787D9335E6F6658C952 /* OSSCredits.json */ = {isa = PBXFileReference; lastKnownFileType = text.json; path = OSSCredits.json; sourceTree = "<group>"; };
		1E19C34E0B445601AD8B5A35 /* WorldBasemap.swift */ = {isa = PBXFileReference; lastKnownFileType = sourcecode.swift; path = WorldBasemap.swift; sourceTree = "<group>"; };
		2B2C08C6EC4CC9B925C76CEC /* LocationSessionPoliciesTests.swift */ = {isa = PBXFileReference; lastKnownFileType = sourcecode.swift; path = LocationSessionPoliciesTests.swift; sourceTree = "<group>"; };
		2FF59CEFC1B7EB1B24AAAB55 /* OnboardingFlow.swift */ = {isa = PBXFileReference; lastKnownFileType = sourcecode.swift; path = OnboardingFlow.swift; sourceTree = "<group>"; };
		344D7C929CEBD0057FA01F8C /* MapScreen.swift */ = {isa = PBXFileReference; lastKnownFileType = sourcecode.swift; path = MapScreen.swift; sourceTree = "<group>"; };
		3AA103E16EBCD9EF3DABC9BB /* PinCategorySymbolTests.swift */ = {isa = PBXFileReference; lastKnownFileType = sourcecode.swift; path = PinCategorySymbolTests.swift; sourceTree = "<group>"; };
		538B8CFCCBB98BEEE13D75E5 /* AppShellTests.swift */ = {isa = PBXFileReference; lastKnownFileType = sourcecode.swift; path = AppShellTests.swift; sourceTree = "<group>"; };
		549B3C04D699BA9D8D06A6D7 /* MakingTracksTests.xctest */ = {isa = PBXFileReference; includeInIndex = 0; lastKnownFileType = wrapper.cfbundle; path = MakingTracksTests.xctest; sourceTree = BUILT_PRODUCTS_DIR; };
		5609B54FBEF0F125C5EF2C90 /* MakingTracksUITests.xctest */ = {isa = PBXFileReference; includeInIndex = 0; lastKnownFileType = wrapper.cfbundle; path = MakingTracksUITests.xctest; sourceTree = BUILT_PRODUCTS_DIR; };
		58714DEBC153020CC7FD67F3 /* PlaceCardSheet.swift */ = {isa = PBXFileReference; lastKnownFileType = sourcecode.swift; path = PlaceCardSheet.swift; sourceTree = "<group>"; };
		5A925CD29D8E1456B66E9F7B /* WorldBasemapTests.swift */ = {isa = PBXFileReference; lastKnownFileType = sourcecode.swift; path = WorldBasemapTests.swift; sourceTree = "<group>"; };
		63FDD03D128539278BC591EB /* Assets.xcassets */ = {isa = PBXFileReference; lastKnownFileType = folder.assetcatalog; path = Assets.xcassets; sourceTree = "<group>"; };
		6879CA7F65FAB04C7987F924 /* HiddenMembershipTracker.swift */ = {isa = PBXFileReference; lastKnownFileType = sourcecode.swift; path = HiddenMembershipTracker.swift; sourceTree = "<group>"; };
		6E7EFD1E5877507BEC18A82D /* LocationPermission.swift */ = {isa = PBXFileReference; lastKnownFileType = sourcecode.swift; path = LocationPermission.swift; sourceTree = "<group>"; };
		6EABFAB41BA43159317CDACC /* OFL.txt */ = {isa = PBXFileReference; lastKnownFileType = text; path = OFL.txt; sourceTree = "<group>"; };
		73F0CD358E3BF08676E6D630 /* Newsreader16pt-Bold.ttf */ = {isa = PBXFileReference; lastKnownFileType = file; path = "Newsreader16pt-Bold.ttf"; sourceTree = "<group>"; };
		7406D8636B27B4FE8E1C1555 /* MakingTracks.app */ = {isa = PBXFileReference; includeInIndex = 0; lastKnownFileType = wrapper.application; path = MakingTracks.app; sourceTree = BUILT_PRODUCTS_DIR; };
		7DE03FCA363155B0C5A81CE1 /* MLNMapViewRepresentable.swift */ = {isa = PBXFileReference; lastKnownFileType = sourcecode.swift; path = MLNMapViewRepresentable.swift; sourceTree = "<group>"; };
		8165BC8A095352568E0849A6 /* MakingTracksApp.swift */ = {isa = PBXFileReference; lastKnownFileType = sourcecode.swift; path = MakingTracksApp.swift; sourceTree = "<group>"; };
		A330796CB1BF0358668CE6ED /* DiagnosticsRuntimeTests.swift */ = {isa = PBXFileReference; lastKnownFileType = sourcecode.swift; path = DiagnosticsRuntimeTests.swift; sourceTree = "<group>"; };
		A48E219EA55B851FD5EDD31F /* Newsreader72pt-SemiBold.ttf */ = {isa = PBXFileReference; lastKnownFileType = file; path = "Newsreader72pt-SemiBold.ttf"; sourceTree = "<group>"; };
		AB44B483382C7266D1246E92 /* HiddenMembershipTrackerTests.swift */ = {isa = PBXFileReference; lastKnownFileType = sourcecode.swift; path = HiddenMembershipTrackerTests.swift; sourceTree = "<group>"; };
		B3982196AEEBAE17B1F5D899 /* Info.plist */ = {isa = PBXFileReference; lastKnownFileType = text.plist; path = Info.plist; sourceTree = "<group>"; };
		C1DFBB29DC117B5BFBE1E85F /* TypographyRuntimeTests.swift */ = {isa = PBXFileReference; lastKnownFileType = sourcecode.swift; path = TypographyRuntimeTests.swift; sourceTree = "<group>"; };
		C9A87BCE0F932F1A26E94416 /* MapDoorShell.swift */ = {isa = PBXFileReference; lastKnownFileType = sourcecode.swift; path = MapDoorShell.swift; sourceTree = "<group>"; };
		D5C5A78FA0D0465851229FA5 /* Newsreader16pt-Italic.ttf */ = {isa = PBXFileReference; lastKnownFileType = file; path = "Newsreader16pt-Italic.ttf"; sourceTree = "<group>"; };
		E0D3E19BD0CBD3FCA3AF1319 /* Newsreader16pt-SemiBold.ttf */ = {isa = PBXFileReference; lastKnownFileType = file; path = "Newsreader16pt-SemiBold.ttf"; sourceTree = "<group>"; };
		E36873FF1289D2248F06F618 /* MakingTracksCoreLoopUITests.swift */ = {isa = PBXFileReference; lastKnownFileType = sourcecode.swift; path = MakingTracksCoreLoopUITests.swift; sourceTree = "<group>"; };
		E67D53581962B4787D079BCA /* LocationSessionPolicies.swift */ = {isa = PBXFileReference; lastKnownFileType = sourcecode.swift; path = LocationSessionPolicies.swift; sourceTree = "<group>"; };
		EB76FBD716ED22CC65743413 /* MapLayerVisibilityTests.swift */ = {isa = PBXFileReference; lastKnownFileType = sourcecode.swift; path = MapLayerVisibilityTests.swift; sourceTree = "<group>"; };
/* End PBXFileReference section */

/* Begin PBXFrameworksBuildPhase section */
		36B42DD5E79F00A671F4FFFF /* Frameworks */ = {
			isa = PBXFrameworksBuildPhase;
			buildActionMask = 2147483647;
			files = (
				59C7C078ADD59064266740CA /* MakingTracksData in Frameworks */,
				D9BF447A005052495B5FAA51 /* MakingTracksTiles in Frameworks */,
				860B88DB4E847DB9B041149A /* MakingTracksMapStyle in Frameworks */,
				E2EF41206486C0C294C5E0DB /* MakingTracksCore in Frameworks */,
				1E88D6E14A988414962AB763 /* DesignSystem in Frameworks */,
				BE4C861B11E5AEDE6A4AEE53 /* MapLibre in Frameworks */,
			);
			runOnlyForDeploymentPostprocessing = 0;
		};
/* End PBXFrameworksBuildPhase section */

/* Begin PBXGroup section */
		0D16E9A4F46D11FAC2488BEE /* Sources */ = {
			isa = PBXGroup;
			children = (
				B3982196AEEBAE17B1F5D899 /* Info.plist */,
				8165BC8A095352568E0849A6 /* MakingTracksApp.swift */,
				2FF59CEFC1B7EB1B24AAAB55 /* OnboardingFlow.swift */,
				1CB5F787D9335E6F6658C952 /* OSSCredits.json */,
				C07738BF062CB3DA2EC726F0 /* Map */,
				6BB310F23BF49DFFAF5F76B5 /* PlaceCard */,
				D4ADE12C00B68366CBA521B4 /* Support */,
			);
			path = Sources;
			sourceTree = "<group>";
		};
		147428FCFBC8BD3BB845BC82 /* Tests */ = {
			isa = PBXGroup;
			children = (
				538B8CFCCBB98BEEE13D75E5 /* AppShellTests.swift */,
				A330796CB1BF0358668CE6ED /* DiagnosticsRuntimeTests.swift */,
				AB44B483382C7266D1246E92 /* HiddenMembershipTrackerTests.swift */,
				2B2C08C6EC4CC9B925C76CEC /* LocationSessionPoliciesTests.swift */,
				EB76FBD716ED22CC65743413 /* MapLayerVisibilityTests.swift */,
				14A314C56A67C5475B3FF04E /* NativeClusteringSpikeTests.swift */,
				3AA103E16EBCD9EF3DABC9BB /* PinCategorySymbolTests.swift */,
				C1DFBB29DC117B5BFBE1E85F /* TypographyRuntimeTests.swift */,
				5A925CD29D8E1456B66E9F7B /* WorldBasemapTests.swift */,
			);
			path = Tests;
			sourceTree = "<group>";
		};
		6BB310F23BF49DFFAF5F76B5 /* PlaceCard */ = {
			isa = PBXGroup;
			children = (
				58714DEBC153020CC7FD67F3 /* PlaceCardSheet.swift */,
			);
			path = PlaceCard;
			sourceTree = "<group>";
		};
		701107F58BC2C1664B43E572 /* Packages */ = {
			isa = PBXGroup;
			children = (
				03EE350163E06CF06F16086F /* ios */,
			);
			name = Packages;
			sourceTree = "<group>";
		};
		A77709DDA22C737B1B0D75E6 /* Fonts */ = {
			isa = PBXGroup;
			children = (
				73F0CD358E3BF08676E6D630 /* Newsreader16pt-Bold.ttf */,
				D5C5A78FA0D0465851229FA5 /* Newsreader16pt-Italic.ttf */,
				E0D3E19BD0CBD3FCA3AF1319 /* Newsreader16pt-SemiBold.ttf */,
				A48E219EA55B851FD5EDD31F /* Newsreader72pt-SemiBold.ttf */,
				6EABFAB41BA43159317CDACC /* OFL.txt */,
			);
			name = Fonts;
			path = Resources/Fonts;
			sourceTree = "<group>";
		};
		C07738BF062CB3DA2EC726F0 /* Map */ = {
			isa = PBXGroup;
			children = (
				6879CA7F65FAB04C7987F924 /* HiddenMembershipTracker.swift */,
				C9A87BCE0F932F1A26E94416 /* MapDoorShell.swift */,
				0ED60266EB41A05525C52E2E /* MapLayerVisibility.swift */,
				344D7C929CEBD0057FA01F8C /* MapScreen.swift */,
				7DE03FCA363155B0C5A81CE1 /* MLNMapViewRepresentable.swift */,
				1E19C34E0B445601AD8B5A35 /* WorldBasemap.swift */,
			);
			path = Map;
			sourceTree = "<group>";
		};
		C0D78174E8B927386E85ED9F /* Products */ = {
			isa = PBXGroup;
			children = (
				7406D8636B27B4FE8E1C1555 /* MakingTracks.app */,
				549B3C04D699BA9D8D06A6D7 /* MakingTracksTests.xctest */,
				5609B54FBEF0F125C5EF2C90 /* MakingTracksUITests.xctest */,
			);
			name = Products;
			sourceTree = "<group>";
		};
		D4ADE12C00B68366CBA521B4 /* Support */ = {
			isa = PBXGroup;
			children = (
				0B6E6A8728A3BBF7FBCF25B9 /* AppLocationManager.swift */,
				6E7EFD1E5877507BEC18A82D /* LocationPermission.swift */,
				E67D53581962B4787D079BCA /* LocationSessionPolicies.swift */,
			);
			path = Support;
			sourceTree = "<group>";
		};
		DD55B2625FA9731C0E38AF9E /* UITests */ = {
			isa = PBXGroup;
			children = (
				E36873FF1289D2248F06F618 /* MakingTracksCoreLoopUITests.swift */,
			);
			path = UITests;
			sourceTree = "<group>";
		};
		F640166C52AD77CDA4EFCA17 = {
			isa = PBXGroup;
			children = (
				63FDD03D128539278BC591EB /* Assets.xcassets */,
				A77709DDA22C737B1B0D75E6 /* Fonts */,
				701107F58BC2C1664B43E572 /* Packages */,
				0D16E9A4F46D11FAC2488BEE /* Sources */,
				147428FCFBC8BD3BB845BC82 /* Tests */,
				DD55B2625FA9731C0E38AF9E /* UITests */,
				C0D78174E8B927386E85ED9F /* Products */,
			);
			sourceTree = "<group>";
		};
/* End PBXGroup section */

/* Begin PBXNativeTarget section */
		1BFD9E7393FA3F0C3999C100 /* MakingTracksTests */ = {
			isa = PBXNativeTarget;
			buildConfigurationList = 5AE7BB5A9A564CD9C88D4AA6 /* Build configuration list for PBXNativeTarget "MakingTracksTests" */;
			buildPhases = (
				25B716827B71358450B3A708 /* Sources */,
			);
			buildRules = (
			);
			dependencies = (
				451E0AA57EC324C44B5E0419 /* PBXTargetDependency */,
			);
			name = MakingTracksTests;
			packageProductDependencies = (
			);
			productName = MakingTracksTests;
			productReference = 549B3C04D699BA9D8D06A6D7 /* MakingTracksTests.xctest */;
			productType = "com.apple.product-type.bundle.unit-test";
		};
		4D3DD48118B60CD463A44277 /* MakingTracks */ = {
			isa = PBXNativeTarget;
			buildConfigurationList = FA3F564EA9E55D534A61C763 /* Build configuration list for PBXNativeTarget "MakingTracks" */;
			buildPhases = (
				BE434AC1972FFDAAF8AD4004 /* Sources */,
				47529770B9F953F91FC1C4D2 /* Resources */,
				36B42DD5E79F00A671F4FFFF /* Frameworks */,
				AF626E9B2096E41E8684D6C2 /* Stamp Build Git Commit */,
				5A9C89E2B4834106A686B7F0 /* Copy World Basemap */,
			);
			buildRules = (
			);
			dependencies = (
			);
			name = MakingTracks;
			packageProductDependencies = (
				52E446EDADC05A0EB10CB788 /* MakingTracksData */,
				4F393EE9E72B3705269D6DE4 /* MakingTracksTiles */,
				1340500250A212BB86356FB9 /* MakingTracksMapStyle */,
				2B6A0D373B960A9ECCDC157A /* MakingTracksCore */,
				43C93D88C7573257961EE697 /* DesignSystem */,
				CBADA08F3DCFE4D9F14B6043 /* MapLibre */,
			);
			productName = MakingTracks;
			productReference = 7406D8636B27B4FE8E1C1555 /* MakingTracks.app */;
			productType = "com.apple.product-type.application";
		};
		E6EED7581BFCC0CF462B65C5 /* MakingTracksUITests */ = {
			isa = PBXNativeTarget;
			buildConfigurationList = 0C8D5E63A482D6EAE218D31E /* Build configuration list for PBXNativeTarget "MakingTracksUITests" */;
			buildPhases = (
				211CAF45B1A9C5C0FD53A48C /* Sources */,
				65097FE8D16FEDA50D66EFBC /* Stamp UI Test Build Git Commit */,
			);
			buildRules = (
			);
			dependencies = (
				325279502450BFCDF155DFE4 /* PBXTargetDependency */,
			);
			name = MakingTracksUITests;
			packageProductDependencies = (
			);
			productName = MakingTracksUITests;
			productReference = 5609B54FBEF0F125C5EF2C90 /* MakingTracksUITests.xctest */;
			productType = "com.apple.product-type.bundle.ui-testing";
		};
/* End PBXNativeTarget section */

/* Begin PBXProject section */
		C0843F3EEC4977692D9A2334 /* Project object */ = {
			isa = PBXProject;
			attributes = {
				BuildIndependentTargetsInParallel = YES;
				LastUpgradeCheck = 2620;
				TargetAttributes = {
					1BFD9E7393FA3F0C3999C100 = {
						DevelopmentTeam = BU7526J4QY;
						ProvisioningStyle = Automatic;
					};
					4D3DD48118B60CD463A44277 = {
						DevelopmentTeam = BU7526J4QY;
						ProvisioningStyle = Automatic;
					};
					E6EED7581BFCC0CF462B65C5 = {
						DevelopmentTeam = BU7526J4QY;
						ProvisioningStyle = Automatic;
						TestTargetID = 4D3DD48118B60CD463A44277;
					};
				};
			};
			buildConfigurationList = D1A7EEF3BB2190FD80AB0AFC /* Build configuration list for PBXProject "MakingTracks" */;
			developmentRegion = en;
			hasScannedForEncodings = 0;
			knownRegions = (
				Base,
				en,
			);
			mainGroup = F640166C52AD77CDA4EFCA17;
			minimizedProjectReferenceProxies = 1;
			packageReferences = (
				3132E0B60B4C6B13589F1C2E /* XCRemoteSwiftPackageReference "maplibre-gl-native-distribution" */,
				F2D8C44265EAAE2E7E9899C3 /* XCLocalSwiftPackageReference ".." */,
			);
			preferredProjectObjectVersion = 77;
			productRefGroup = C0D78174E8B927386E85ED9F /* Products */;
			projectDirPath = "";
			projectRoot = "";
			targets = (
				4D3DD48118B60CD463A44277 /* MakingTracks */,
				1BFD9E7393FA3F0C3999C100 /* MakingTracksTests */,
				E6EED7581BFCC0CF462B65C5 /* MakingTracksUITests */,
			);
		};
/* End PBXProject section */

/* Begin PBXResourcesBuildPhase section */
		47529770B9F953F91FC1C4D2 /* Resources */ = {
			isa = PBXResourcesBuildPhase;
			buildActionMask = 2147483647;
			files = (
				7856947E7D46610EA335891E /* Assets.xcassets in Resources */,
				E1E8DDAF62365C8A0795F258 /* Newsreader16pt-Bold.ttf in Resources */,
				950D21AE358E7609C95B9CE3 /* Newsreader16pt-Italic.ttf in Resources */,
				78788452A4FEB6D53DD8EF44 /* Newsreader16pt-SemiBold.ttf in Resources */,
				915D71B1930B5DB4AEF0ABC3 /* Newsreader72pt-SemiBold.ttf in Resources */,
				D70A63F2A63EE5B7C076D846 /* OFL.txt in Resources */,
				AE9F899F811FE6AD774A0F38 /* OSSCredits.json in Resources */,
			);
			runOnlyForDeploymentPostprocessing = 0;
		};
/* End PBXResourcesBuildPhase section */

/* Begin PBXShellScriptBuildPhase section */
		5A9C89E2B4834106A686B7F0 /* Copy World Basemap */ = {
			isa = PBXShellScriptBuildPhase;
			alwaysOutOfDate = 1;
			buildActionMask = 2147483647;
			files = (
			);
			inputFileListPaths = (
			);
			inputPaths = (
				"$(SRCROOT)/Resources/protomaps-20260714-z0-6.pmtiles",
			);
			name = "Copy World Basemap";
			outputFileListPaths = (
			);
			outputPaths = (
				"$(TARGET_BUILD_DIR)/$(UNLOCALIZED_RESOURCES_FOLDER_PATH)/protomaps-20260714-z0-6.pmtiles",
			);
			runOnlyForDeploymentPostprocessing = 0;
			shellPath = /bin/sh;
			shellScript = "set -euo pipefail\n\nsource=\"$SRCROOT/Resources/protomaps-20260714-z0-6.pmtiles\"\ntarget=\"$TARGET_BUILD_DIR/$UNLOCALIZED_RESOURCES_FOLDER_PATH/protomaps-20260714-z0-6.pmtiles\"\nmkdir -p \"$(dirname \"$target\")\"\ncp \"$source\" \"$target\"\n";
		};
		65097FE8D16FEDA50D66EFBC /* Stamp UI Test Build Git Commit */ = {
			isa = PBXShellScriptBuildPhase;
			alwaysOutOfDate = 1;
			buildActionMask = 2147483647;
			files = (
			);
			inputFileListPaths = (
			);
			inputPaths = (
				"$(SRCROOT)/../../.git",
				"$(SRCROOT)/../../../../.git",
			);
			name = "Stamp UI Test Build Git Commit";
			outputFileListPaths = (
			);
			outputPaths = (
				"$(TARGET_BUILD_DIR)/$(UNLOCALIZED_RESOURCES_FOLDER_PATH)/BuildInfo.plist",
			);
			runOnlyForDeploymentPostprocessing = 0;
			shellPath = /bin/sh;
			shellScript = "set -euo pipefail\n\ncommit=\"$(git -C \"$SRCROOT/../..\" rev-parse --short HEAD)\"\nplist=\"$TARGET_BUILD_DIR/$UNLOCALIZED_RESOURCES_FOLDER_PATH/BuildInfo.plist\"\nmkdir -p \"$(dirname \"$plist\")\"\n\ncat > \"$plist\" <<PLIST\n<?xml version=\"1.0\" encoding=\"UTF-8\"?>\n<!DOCTYPE plist PUBLIC \"-//Apple//DTD PLIST 1.0//EN\" \"http://www.apple.com/DTDs/PropertyList-1.0.dtd\">\n<plist version=\"1.0\">\n<dict>\n  <key>GitCommit</key>\n  <string>$commit</string>\n</dict>\n</plist>\nPLIST\n";
		};
		AF626E9B2096E41E8684D6C2 /* Stamp Build Git Commit */ = {
			isa = PBXShellScriptBuildPhase;
			alwaysOutOfDate = 1;
			buildActionMask = 2147483647;
			files = (
			);
			inputFileListPaths = (
			);
			inputPaths = (
				"$(SRCROOT)/../../.git",
				"$(SRCROOT)/../../../../.git",
			);
			name = "Stamp Build Git Commit";
			outputFileListPaths = (
			);
			outputPaths = (
				"$(TARGET_BUILD_DIR)/$(UNLOCALIZED_RESOURCES_FOLDER_PATH)/BuildInfo.plist",
			);
			runOnlyForDeploymentPostprocessing = 0;
			shellPath = /bin/sh;
			shellScript = "set -euo pipefail\n\ncommit=\"$(git -C \"$SRCROOT/../..\" rev-parse --short HEAD)\"\nplist=\"$TARGET_BUILD_DIR/$UNLOCALIZED_RESOURCES_FOLDER_PATH/BuildInfo.plist\"\nmkdir -p \"$(dirname \"$plist\")\"\n\ncat > \"$plist\" <<PLIST\n<?xml version=\"1.0\" encoding=\"UTF-8\"?>\n<!DOCTYPE plist PUBLIC \"-//Apple//DTD PLIST 1.0//EN\" \"http://www.apple.com/DTDs/PropertyList-1.0.dtd\">\n<plist version=\"1.0\">\n<dict>\n  <key>GitCommit</key>\n  <string>$commit</string>\n</dict>\n</plist>\nPLIST\n";
		};
/* End PBXShellScriptBuildPhase section */

/* Begin PBXSourcesBuildPhase section */
		211CAF45B1A9C5C0FD53A48C /* Sources */ = {
			isa = PBXSourcesBuildPhase;
			buildActionMask = 2147483647;
			files = (
				0297C33B171577FE15A6AC32 /* MakingTracksCoreLoopUITests.swift in Sources */,
			);
			runOnlyForDeploymentPostprocessing = 0;
		};
		25B716827B71358450B3A708 /* Sources */ = {
			isa = PBXSourcesBuildPhase;
			buildActionMask = 2147483647;
			files = (
				9A14258D08374EDCF12E44F5 /* AppShellTests.swift in Sources */,
				3D63AC3F9D91FF92D5DEBF59 /* DiagnosticsRuntimeTests.swift in Sources */,
				A0A4BEB6C707F68791895112 /* HiddenMembershipTrackerTests.swift in Sources */,
				E33AAF4D7C085C6FBE57C261 /* LocationSessionPoliciesTests.swift in Sources */,
				B4249A1E5E8913E54631AA6C /* MapLayerVisibilityTests.swift in Sources */,
				BD3B48BA68DDA464148316E0 /* NativeClusteringSpikeTests.swift in Sources */,
				78489B6DB316892B50A97831 /* PinCategorySymbolTests.swift in Sources */,
				93D8C47C12062A4D16FC5BC5 /* TypographyRuntimeTests.swift in Sources */,
				FAED196EEC3399D466D1AE9E /* WorldBasemapTests.swift in Sources */,
			);
			runOnlyForDeploymentPostprocessing = 0;
		};
		BE434AC1972FFDAAF8AD4004 /* Sources */ = {
			isa = PBXSourcesBuildPhase;
			buildActionMask = 2147483647;
			files = (
				1477E9C0802B5ACD26327A43 /* AppLocationManager.swift in Sources */,
				FB3CF438FD76F28247626C5F /* HiddenMembershipTracker.swift in Sources */,
				AF3142C210A9AC6EE4DBDB9C /* LocationPermission.swift in Sources */,
				12180A7BEBB27840E1614C1A /* LocationSessionPolicies.swift in Sources */,
				D723B8F7C4E54215817261EA /* MLNMapViewRepresentable.swift in Sources */,
				E205428A35137AEC62A677DE /* MakingTracksApp.swift in Sources */,
				BDD25BD73021E8B1AB199D29 /* MapDoorShell.swift in Sources */,
				06447D7969A73B3EBB37BF48 /* MapLayerVisibility.swift in Sources */,
				03DDC05F05147127FAC7FFA5 /* MapScreen.swift in Sources */,
				12C5D166DC2E3F3E836B4BA0 /* OnboardingFlow.swift in Sources */,
				7A6CC84AF434C17FE7633943 /* PlaceCardSheet.swift in Sources */,
				0690E2BBD5D936C280A81F6C /* WorldBasemap.swift in Sources */,
			);
			runOnlyForDeploymentPostprocessing = 0;
		};
/* End PBXSourcesBuildPhase section */

/* Begin PBXTargetDependency section */
		325279502450BFCDF155DFE4 /* PBXTargetDependency */ = {
			isa = PBXTargetDependency;
			target = 4D3DD48118B60CD463A44277 /* MakingTracks */;
			targetProxy = D59B059D2B97E1159D7E9AEA /* PBXContainerItemProxy */;
		};
		451E0AA57EC324C44B5E0419 /* PBXTargetDependency */ = {
			isa = PBXTargetDependency;
			target = 4D3DD48118B60CD463A44277 /* MakingTracks */;
			targetProxy = 6C0A84EC29FDB4DC8E4305A9 /* PBXContainerItemProxy */;
		};
/* End PBXTargetDependency section */

/* Begin XCBuildConfiguration section */
		087203F2AF4C87F6DDCB7F4B /* Debug */ = {
			isa = XCBuildConfiguration;
			buildSettings = {
				ASSETCATALOG_COMPILER_APPICON_NAME = AppIcon;
				ASSETCATALOG_COMPILER_GLOBAL_ACCENT_COLOR_NAME = AccentColor;
				CODE_SIGN_IDENTITY = "iPhone Developer";
				INFOPLIST_FILE = Sources/Info.plist;
				LD_RUNPATH_SEARCH_PATHS = (
					"$(inherited)",
					"@executable_path/Frameworks",
				);
				SDKROOT = iphoneos;
				TARGETED_DEVICE_FAMILY = "1,2";
			};
			name = Debug;
		};
		094ADFFD160DAEDAEA5E5CC5 /* Release */ = {
			isa = XCBuildConfiguration;
			buildSettings = {
				BUNDLE_LOADER = "$(TEST_HOST)";
				GENERATE_INFOPLIST_FILE = YES;
				LD_RUNPATH_SEARCH_PATHS = (
					"$(inherited)",
					"@executable_path/Frameworks",
					"@loader_path/Frameworks",
				);
				PRODUCT_BUNDLE_IDENTIFIER = "app.making-tracks.MakingTracksTests";
				SDKROOT = iphoneos;
				TARGETED_DEVICE_FAMILY = "1,2";
				TEST_HOST = "$(BUILT_PRODUCTS_DIR)/MakingTracks.app/MakingTracks";
			};
			name = Release;
		};
		84CF2AF31ABFEFF5681D2B9C /* Release */ = {
			isa = XCBuildConfiguration;
			buildSettings = {
				BUNDLE_LOADER = "$(TEST_HOST)";
				GENERATE_INFOPLIST_FILE = YES;
				LD_RUNPATH_SEARCH_PATHS = (
					"$(inherited)",
					"@executable_path/Frameworks",
					"@loader_path/Frameworks",
				);
				PRODUCT_BUNDLE_IDENTIFIER = "app.making-tracks.MakingTracksUITests";
				SDKROOT = iphoneos;
				TARGETED_DEVICE_FAMILY = "1,2";
				TEST_TARGET_NAME = MakingTracks;
			};
			name = Release;
		};
		8744E357DBFE0E7B0CEFAD76 /* Release */ = {
			isa = XCBuildConfiguration;
			buildSettings = {
				ALWAYS_SEARCH_USER_PATHS = NO;
				CLANG_ANALYZER_NONNULL = YES;
				CLANG_ANALYZER_NUMBER_OBJECT_CONVERSION = YES_AGGRESSIVE;
				CLANG_CXX_LANGUAGE_STANDARD = "gnu++14";
				CLANG_CXX_LIBRARY = "libc++";
				CLANG_ENABLE_MODULES = YES;
				CLANG_ENABLE_OBJC_ARC = YES;
				CLANG_ENABLE_OBJC_WEAK = YES;
				CLANG_WARN_BLOCK_CAPTURE_AUTORELEASING = YES;
				CLANG_WARN_BOOL_CONVERSION = YES;
				CLANG_WARN_COMMA = YES;
				CLANG_WARN_CONSTANT_CONVERSION = YES;
				CLANG_WARN_DEPRECATED_OBJC_IMPLEMENTATIONS = YES;
				CLANG_WARN_DIRECT_OBJC_ISA_USAGE = YES_ERROR;
				CLANG_WARN_DOCUMENTATION_COMMENTS = YES;
				CLANG_WARN_EMPTY_BODY = YES;
				CLANG_WARN_ENUM_CONVERSION = YES;
				CLANG_WARN_INFINITE_RECURSION = YES;
				CLANG_WARN_INT_CONVERSION = YES;
				CLANG_WARN_NON_LITERAL_NULL_CONVERSION = YES;
				CLANG_WARN_OBJC_IMPLICIT_RETAIN_SELF = YES;
				CLANG_WARN_OBJC_LITERAL_CONVERSION = YES;
				CLANG_WARN_OBJC_ROOT_CLASS = YES_ERROR;
				CLANG_WARN_QUOTED_INCLUDE_IN_FRAMEWORK_HEADER = YES;
				CLANG_WARN_RANGE_LOOP_ANALYSIS = YES;
				CLANG_WARN_STRICT_PROTOTYPES = YES;
				CLANG_WARN_SUSPICIOUS_MOVE = YES;
				CLANG_WARN_UNGUARDED_AVAILABILITY = YES_AGGRESSIVE;
				CLANG_WARN_UNREACHABLE_CODE = YES;
				CLANG_WARN__DUPLICATE_METHOD_MATCH = YES;
				CODE_SIGN_STYLE = Automatic;
				COPY_PHASE_STRIP = NO;
				DEBUG_INFORMATION_FORMAT = "dwarf-with-dsym";
				DEVELOPMENT_TEAM = BU7526J4QY;
				ENABLE_NS_ASSERTIONS = NO;
				ENABLE_STRICT_OBJC_MSGSEND = YES;
				ENABLE_USER_SCRIPT_SANDBOXING = YES;
				GCC_C_LANGUAGE_STANDARD = gnu11;
				GCC_NO_COMMON_BLOCKS = YES;
				GCC_TREAT_WARNINGS_AS_ERRORS = YES;
				GCC_WARN_64_TO_32_BIT_CONVERSION = YES;
				GCC_WARN_ABOUT_RETURN_TYPE = YES_ERROR;
				GCC_WARN_UNDECLARED_SELECTOR = YES;
				GCC_WARN_UNINITIALIZED_AUTOS = YES_AGGRESSIVE;
				GCC_WARN_UNUSED_FUNCTION = YES;
				GCC_WARN_UNUSED_VARIABLE = YES;
				IPHONEOS_DEPLOYMENT_TARGET = 18.0;
				MTL_ENABLE_DEBUG_INFO = NO;
				MTL_FAST_MATH = YES;
				PRODUCT_BUNDLE_IDENTIFIER = "app.making-tracks.MakingTracks";
				PRODUCT_NAME = "$(TARGET_NAME)";
				SDKROOT = iphoneos;
				STRING_CATALOG_GENERATE_SYMBOLS = YES;
				SWIFT_COMPILATION_MODE = wholemodule;
				SWIFT_OPTIMIZATION_LEVEL = "-O";
				SWIFT_STRICT_CONCURRENCY = complete;
				SWIFT_TREAT_WARNINGS_AS_ERRORS = YES;
				SWIFT_VERSION = 6.0;
			};
			name = Release;
		};
		95784020403CDB198A193A57 /* Debug */ = {
			isa = XCBuildConfiguration;
			buildSettings = {
				BUNDLE_LOADER = "$(TEST_HOST)";
				GENERATE_INFOPLIST_FILE = YES;
				LD_RUNPATH_SEARCH_PATHS = (
					"$(inherited)",
					"@executable_path/Frameworks",
					"@loader_path/Frameworks",
				);
				PRODUCT_BUNDLE_IDENTIFIER = "app.making-tracks.MakingTracksTests";
				SDKROOT = iphoneos;
				TARGETED_DEVICE_FAMILY = "1,2";
				TEST_HOST = "$(BUILT_PRODUCTS_DIR)/MakingTracks.app/MakingTracks";
			};
			name = Debug;
		};
		9BC4288C53A424552E706602 /* Debug */ = {
			isa = XCBuildConfiguration;
			buildSettings = {
				ALWAYS_SEARCH_USER_PATHS = NO;
				CLANG_ANALYZER_NONNULL = YES;
				CLANG_ANALYZER_NUMBER_OBJECT_CONVERSION = YES_AGGRESSIVE;
				CLANG_CXX_LANGUAGE_STANDARD = "gnu++14";
				CLANG_CXX_LIBRARY = "libc++";
				CLANG_ENABLE_MODULES = YES;
				CLANG_ENABLE_OBJC_ARC = YES;
				CLANG_ENABLE_OBJC_WEAK = YES;
				CLANG_WARN_BLOCK_CAPTURE_AUTORELEASING = YES;
				CLANG_WARN_BOOL_CONVERSION = YES;
				CLANG_WARN_COMMA = YES;
				CLANG_WARN_CONSTANT_CONVERSION = YES;
				CLANG_WARN_DEPRECATED_OBJC_IMPLEMENTATIONS = YES;
				CLANG_WARN_DIRECT_OBJC_ISA_USAGE = YES_ERROR;
				CLANG_WARN_DOCUMENTATION_COMMENTS = YES;
				CLANG_WARN_EMPTY_BODY = YES;
				CLANG_WARN_ENUM_CONVERSION = YES;
				CLANG_WARN_INFINITE_RECURSION = YES;
				CLANG_WARN_INT_CONVERSION = YES;
				CLANG_WARN_NON_LITERAL_NULL_CONVERSION = YES;
				CLANG_WARN_OBJC_IMPLICIT_RETAIN_SELF = YES;
				CLANG_WARN_OBJC_LITERAL_CONVERSION = YES;
				CLANG_WARN_OBJC_ROOT_CLASS = YES_ERROR;
				CLANG_WARN_QUOTED_INCLUDE_IN_FRAMEWORK_HEADER = YES;
				CLANG_WARN_RANGE_LOOP_ANALYSIS = YES;
				CLANG_WARN_STRICT_PROTOTYPES = YES;
				CLANG_WARN_SUSPICIOUS_MOVE = YES;
				CLANG_WARN_UNGUARDED_AVAILABILITY = YES_AGGRESSIVE;
				CLANG_WARN_UNREACHABLE_CODE = YES;
				CLANG_WARN__DUPLICATE_METHOD_MATCH = YES;
				CODE_SIGN_STYLE = Automatic;
				COPY_PHASE_STRIP = NO;
				DEBUG_INFORMATION_FORMAT = dwarf;
				DEVELOPMENT_TEAM = BU7526J4QY;
				ENABLE_STRICT_OBJC_MSGSEND = YES;
				ENABLE_TESTABILITY = YES;
				ENABLE_USER_SCRIPT_SANDBOXING = YES;
				GCC_C_LANGUAGE_STANDARD = gnu11;
				GCC_DYNAMIC_NO_PIC = NO;
				GCC_NO_COMMON_BLOCKS = YES;
				GCC_OPTIMIZATION_LEVEL = 0;
				GCC_PREPROCESSOR_DEFINITIONS = (
					"$(inherited)",
					"DEBUG=1",
				);
				GCC_TREAT_WARNINGS_AS_ERRORS = YES;
				GCC_WARN_64_TO_32_BIT_CONVERSION = YES;
				GCC_WARN_ABOUT_RETURN_TYPE = YES_ERROR;
				GCC_WARN_UNDECLARED_SELECTOR = YES;
				GCC_WARN_UNINITIALIZED_AUTOS = YES_AGGRESSIVE;
				GCC_WARN_UNUSED_FUNCTION = YES;
				GCC_WARN_UNUSED_VARIABLE = YES;
				IPHONEOS_DEPLOYMENT_TARGET = 18.0;
				MTL_ENABLE_DEBUG_INFO = INCLUDE_SOURCE;
				MTL_FAST_MATH = YES;
				ONLY_ACTIVE_ARCH = YES;
				PRODUCT_BUNDLE_IDENTIFIER = "app.making-tracks.MakingTracks";
				PRODUCT_NAME = "$(TARGET_NAME)";
				SDKROOT = iphoneos;
				STRING_CATALOG_GENERATE_SYMBOLS = YES;
				SWIFT_ACTIVE_COMPILATION_CONDITIONS = DEBUG;
				SWIFT_OPTIMIZATION_LEVEL = "-Onone";
				SWIFT_STRICT_CONCURRENCY = complete;
				SWIFT_TREAT_WARNINGS_AS_ERRORS = YES;
				SWIFT_VERSION = 6.0;
			};
			name = Debug;
		};
		AB67F068741574AC92BF98E4 /* Release */ = {
			isa = XCBuildConfiguration;
			buildSettings = {
				ASSETCATALOG_COMPILER_APPICON_NAME = AppIcon;
				ASSETCATALOG_COMPILER_GLOBAL_ACCENT_COLOR_NAME = AccentColor;
				CODE_SIGN_IDENTITY = "iPhone Developer";
				INFOPLIST_FILE = Sources/Info.plist;
				LD_RUNPATH_SEARCH_PATHS = (
					"$(inherited)",
					"@executable_path/Frameworks",
				);
				SDKROOT = iphoneos;
				TARGETED_DEVICE_FAMILY = "1,2";
			};
			name = Release;
		};
		D74EE29A96366FC5A1CE222C /* Debug */ = {
			isa = XCBuildConfiguration;
			buildSettings = {
				BUNDLE_LOADER = "$(TEST_HOST)";
				GENERATE_INFOPLIST_FILE = YES;
				LD_RUNPATH_SEARCH_PATHS = (
					"$(inherited)",
					"@executable_path/Frameworks",
					"@loader_path/Frameworks",
				);
				PRODUCT_BUNDLE_IDENTIFIER = "app.making-tracks.MakingTracksUITests";
				SDKROOT = iphoneos;
				TARGETED_DEVICE_FAMILY = "1,2";
				TEST_TARGET_NAME = MakingTracks;
			};
			name = Debug;
		};
/* End XCBuildConfiguration section */

/* Begin XCConfigurationList section */
		0C8D5E63A482D6EAE218D31E /* Build configuration list for PBXNativeTarget "MakingTracksUITests" */ = {
			isa = XCConfigurationList;
			buildConfigurations = (
				D74EE29A96366FC5A1CE222C /* Debug */,
				84CF2AF31ABFEFF5681D2B9C /* Release */,
			);
			defaultConfigurationIsVisible = 0;
			defaultConfigurationName = Debug;
		};
		5AE7BB5A9A564CD9C88D4AA6 /* Build configuration list for PBXNativeTarget "MakingTracksTests" */ = {
			isa = XCConfigurationList;
			buildConfigurations = (
				95784020403CDB198A193A57 /* Debug */,
				094ADFFD160DAEDAEA5E5CC5 /* Release */,
			);
			defaultConfigurationIsVisible = 0;
			defaultConfigurationName = Debug;
		};
		D1A7EEF3BB2190FD80AB0AFC /* Build configuration list for PBXProject "MakingTracks" */ = {
			isa = XCConfigurationList;
			buildConfigurations = (
				9BC4288C53A424552E706602 /* Debug */,
				8744E357DBFE0E7B0CEFAD76 /* Release */,
			);
			defaultConfigurationIsVisible = 0;
			defaultConfigurationName = Debug;
		};
		FA3F564EA9E55D534A61C763 /* Build configuration list for PBXNativeTarget "MakingTracks" */ = {
			isa = XCConfigurationList;
			buildConfigurations = (
				087203F2AF4C87F6DDCB7F4B /* Debug */,
				AB67F068741574AC92BF98E4 /* Release */,
			);
			defaultConfigurationIsVisible = 0;
			defaultConfigurationName = Debug;
		};
/* End XCConfigurationList section */

/* Begin XCLocalSwiftPackageReference section */
		F2D8C44265EAAE2E7E9899C3 /* XCLocalSwiftPackageReference ".." */ = {
			isa = XCLocalSwiftPackageReference;
			relativePath = ..;
		};
/* End XCLocalSwiftPackageReference section */

/* Begin XCRemoteSwiftPackageReference section */
		3132E0B60B4C6B13589F1C2E /* XCRemoteSwiftPackageReference "maplibre-gl-native-distribution" */ = {
			isa = XCRemoteSwiftPackageReference;
			repositoryURL = "https://github.com/maplibre/maplibre-gl-native-distribution";
			requirement = {
				kind = upToNextMajorVersion;
				minimumVersion = 6.27.0;
			};
		};
/* End XCRemoteSwiftPackageReference section */

/* Begin XCSwiftPackageProductDependency section */
		1340500250A212BB86356FB9 /* MakingTracksMapStyle */ = {
			isa = XCSwiftPackageProductDependency;
			productName = MakingTracksMapStyle;
		};
		2B6A0D373B960A9ECCDC157A /* MakingTracksCore */ = {
			isa = XCSwiftPackageProductDependency;
			productName = MakingTracksCore;
		};
		43C93D88C7573257961EE697 /* DesignSystem */ = {
			isa = XCSwiftPackageProductDependency;
			productName = DesignSystem;
		};
		4F393EE9E72B3705269D6DE4 /* MakingTracksTiles */ = {
			isa = XCSwiftPackageProductDependency;
			productName = MakingTracksTiles;
		};
		52E446EDADC05A0EB10CB788 /* MakingTracksData */ = {
			isa = XCSwiftPackageProductDependency;
			productName = MakingTracksData;
		};
		CBADA08F3DCFE4D9F14B6043 /* MapLibre */ = {
			isa = XCSwiftPackageProductDependency;
			package = 3132E0B60B4C6B13589F1C2E /* XCRemoteSwiftPackageReference "maplibre-gl-native-distribution" */;
			productName = MapLibre;
		};
/* End XCSwiftPackageProductDependency section */
	};
	rootObject = C0843F3EEC4977692D9A2334 /* Project object */;
}
